
Microsoft Visual Studio Solution File, Format Version 12.00
# Visual Studio Version 16
VisualStudioVersion = 16.0.31205.134
MinimumVisualStudioVersion = 10.0.40219.1
Project("{FAE04EC0-301F-11D3-BF4B-00C04F79EFBC}") = "elemantakipsis", "elemantakipsis\elemantakipsis.csproj", "{8915DCE5-331A-4BD3-BDB1-57BD62906727}"
EndProject
Global
	GlobalSection(SolutionConfigurationPlatforms) = preSolution
		Debug|Any CPU = Debug|Any CPU
		Release|Any CPU = Release|Any CPU
	EndGlobalSection
	GlobalSection(ProjectConfigurationPlatforms) = postSolution
		{8915DCE5-331A-4BD3-BDB1-57BD62906727}.Debug|Any CPU.ActiveCfg = Debug|Any CPU
		{8915DCE5-331A-4BD3-BDB1-57BD62906727}.Debug|Any CPU.Build.0 = Debug|Any CPU
		{8915DCE5-331A-4BD3-BDB1-57BD62906727}.Release|Any CPU.ActiveCfg = Release|Any CPU
		{8915DCE5-331A-4BD3-BDB1-57BD62906727}.Release|Any CPU.Build.0 = Release|Any CPU
	EndGlobalSection
	GlobalSection(SolutionProperties) = preSolution
		HideSolutionNode = FALSE
	EndGlobalSection
	GlobalSection(ExtensibilityGlobals) = postSolution
		SolutionGuid = {D0BB87A2-F50F-48A5-A24B-C7D1F2BFE2AE}
	EndGlobalSection
EndGlobal
